
Microsoft Visual Studio Solution File, Format Version 12.00
# Visual Studio Version 16
VisualStudioVersion = 16.0.31321.278
MinimumVisualStudioVersion = 10.0.40219.1
Project("{9A19103F-16F7-4668-BE54-9A1E7A4F7556}") = "Entity", "EntityLayer\Entity.csproj", "{95A48629-A085-4087-9DA7-1D0FE39344AB}"
EndProject
Project("{9A19103F-16F7-4668-BE54-9A1E7A4F7556}") = "DataAccess", "DataAccessLayer\DataAccess.csproj", "{67862C29-09FD-4D2A-BE10-E5ACE9604199}"
EndProject
Project("{9A19103F-16F7-4668-BE54-9A1E7A4F7556}") = "Business", "BusinessLayer\Business.csproj", "{4901A3C0-2A24-4F96-84E9-FA453B10061C}"
EndProject
Project("{9A19103F-16F7-4668-BE54-9A1E7A4F7556}") = "CoreDemo", "Api\CoreDemo.csproj", "{F715F5EF-317F-4743-95D5-0B89DFAD02ED}"
EndProject
Project("{9A19103F-16F7-4668-BE54-9A1E7A4F7556}") = "WebApi", "WebApii\WebApi.csproj", "{9F9A85F4-24E4-4F95-8A88-741D46AC2340}"
EndProject
Global
	GlobalSection(SolutionConfigurationPlatforms) = preSolution
		Debug|Any CPU = Debug|Any CPU
		Release|Any CPU = Release|Any CPU
	EndGlobalSection
	GlobalSection(ProjectConfigurationPlatforms) = postSolution
		{95A48629-A085-4087-9DA7-1D0FE39344AB}.Debug|Any CPU.ActiveCfg = Debug|Any CPU
		{95A48629-A085-4087-9DA7-1D0FE39344AB}.Debug|Any CPU.Build.0 = Debug|Any CPU
		{95A48629-A085-4087-9DA7-1D0FE39344AB}.Release|Any CPU.ActiveCfg = Release|Any CPU
		{95A48629-A085-4087-9DA7-1D0FE39344AB}.Release|Any CPU.Build.0 = Release|Any CPU
		{67862C29-09FD-4D2A-BE10-E5ACE9604199}.Debug|Any CPU.ActiveCfg = Debug|Any CPU
		{67862C29-09FD-4D2A-BE10-E5ACE9604199}.Debug|Any CPU.Build.0 = Debug|Any CPU
		{67862C29-09FD-4D2A-BE10-E5ACE9604199}.Release|Any CPU.ActiveCfg = Release|Any CPU
		{67862C29-09FD-4D2A-BE10-E5ACE9604199}.Release|Any CPU.Build.0 = Release|Any CPU
		{4901A3C0-2A24-4F96-84E9-FA453B10061C}.Debug|Any CPU.ActiveCfg = Debug|Any CPU
		{4901A3C0-2A24-4F96-84E9-FA453B10061C}.Debug|Any CPU.Build.0 = Debug|Any CPU
		{4901A3C0-2A24-4F96-84E9-FA453B10061C}.Release|Any CPU.ActiveCfg = Release|Any CPU
		{4901A3C0-2A24-4F96-84E9-FA453B10061C}.Release|Any CPU.Build.0 = Release|Any CPU
		{F715F5EF-317F-4743-95D5-0B89DFAD02ED}.Debug|Any CPU.ActiveCfg = Debug|Any CPU
		{F715F5EF-317F-4743-95D5-0B89DFAD02ED}.Debug|Any CPU.Build.0 = Debug|Any CPU
		{F715F5EF-317F-4743-95D5-0B89DFAD02ED}.Release|Any CPU.ActiveCfg = Release|Any CPU
		{F715F5EF-317F-4743-95D5-0B89DFAD02ED}.Release|Any CPU.Build.0 = Release|Any CPU
		{9F9A85F4-24E4-4F95-8A88-741D46AC2340}.Debug|Any CPU.ActiveCfg = Debug|Any CPU
		{9F9A85F4-24E4-4F95-8A88-741D46AC2340}.Debug|Any CPU.Build.0 = Debug|Any CPU
		{9F9A85F4-24E4-4F95-8A88-741D46AC2340}.Release|Any CPU.ActiveCfg = Release|Any CPU
		{9F9A85F4-24E4-4F95-8A88-741D46AC2340}.Release|Any CPU.Build.0 = Release|Any CPU
	EndGlobalSection
	GlobalSection(SolutionProperties) = preSolution
		HideSolutionNode = FALSE
	EndGlobalSection
	GlobalSection(ExtensibilityGlobals) = postSolution
		SolutionGuid = {FE3A8C46-356C-4168-9177-28C87F3B977B}
	EndGlobalSection
EndGlobal
